
Microsoft Visual Studio Solution File, Format Version 12.00
# Visual Studio Version 17
VisualStudioVersion = 17.8.34511.84
MinimumVisualStudioVersion = 10.0.40219.1
Project("{9A19103F-16F7-4668-BE54-9A1E7A4F7556}") = "Diamond.DataAccess", "Diamond.DataAccess\Diamond.DataAccess.csproj", "{BFCFF94A-8A53-4A22-92A3-A9F14FCC7764}"
EndProject
Project("{9A19103F-16F7-4668-BE54-9A1E7A4F7556}") = "Diamond.BusinessLogic", "Diamond.BusinessLogic\Diamond.BusinessLogic.csproj", "{B587CE60-0D50-43E8-AD49-534D5AE3E672}"
EndProject
Project("{9A19103F-16F7-4668-BE54-9A1E7A4F7556}") = "Diamond.RazorPage", "Diamond.RazorPage\Diamond.RazorPage.csproj", "{6B2602F6-39BA-4A62-94E8-A49FF5A5BF41}"
EndProject
Project("{FAE04EC0-301F-11D3-BF4B-00C04F79EFBC}") = "Diamond.Utility", "Diamond.Utility\Diamond.Utility.csproj", "{32ACD14B-A604-4D33-9BE1-D9F3B529314B}"
EndProject
Global
	GlobalSection(SolutionConfigurationPlatforms) = preSolution
		Debug|Any CPU = Debug|Any CPU
		Release|Any CPU = Release|Any CPU
	EndGlobalSection
	GlobalSection(ProjectConfigurationPlatforms) = postSolution
		{BFCFF94A-8A53-4A22-92A3-A9F14FCC7764}.Debug|Any CPU.ActiveCfg = Debug|Any CPU
		{BFCFF94A-8A53-4A22-92A3-A9F14FCC7764}.Debug|Any CPU.Build.0 = Debug|Any CPU
		{BFCFF94A-8A53-4A22-92A3-A9F14FCC7764}.Release|Any CPU.ActiveCfg = Release|Any CPU
		{BFCFF94A-8A53-4A22-92A3-A9F14FCC7764}.Release|Any CPU.Build.0 = Release|Any CPU
		{B587CE60-0D50-43E8-AD49-534D5AE3E672}.Debug|Any CPU.ActiveCfg = Debug|Any CPU
		{B587CE60-0D50-43E8-AD49-534D5AE3E672}.Debug|Any CPU.Build.0 = Debug|Any CPU
		{B587CE60-0D50-43E8-AD49-534D5AE3E672}.Release|Any CPU.ActiveCfg = Release|Any CPU
		{B587CE60-0D50-43E8-AD49-534D5AE3E672}.Release|Any CPU.Build.0 = Release|Any CPU
		{6B2602F6-39BA-4A62-94E8-A49FF5A5BF41}.Debug|Any CPU.ActiveCfg = Debug|Any CPU
		{6B2602F6-39BA-4A62-94E8-A49FF5A5BF41}.Debug|Any CPU.Build.0 = Debug|Any CPU
		{6B2602F6-39BA-4A62-94E8-A49FF5A5BF41}.Release|Any CPU.ActiveCfg = Release|Any CPU
		{6B2602F6-39BA-4A62-94E8-A49FF5A5BF41}.Release|Any CPU.Build.0 = Release|Any CPU
		{32ACD14B-A604-4D33-9BE1-D9F3B529314B}.Debug|Any CPU.ActiveCfg = Debug|Any CPU
		{32ACD14B-A604-4D33-9BE1-D9F3B529314B}.Debug|Any CPU.Build.0 = Debug|Any CPU
		{32ACD14B-A604-4D33-9BE1-D9F3B529314B}.Release|Any CPU.ActiveCfg = Release|Any CPU
		{32ACD14B-A604-4D33-9BE1-D9F3B529314B}.Release|Any CPU.Build.0 = Release|Any CPU
	EndGlobalSection
	GlobalSection(SolutionProperties) = preSolution
		HideSolutionNode = FALSE
	EndGlobalSection
	GlobalSection(ExtensibilityGlobals) = postSolution
		SolutionGuid = {47E892B0-2F6D-4055-BF92-CA673068CDD8}
	EndGlobalSection
EndGlobal
